
Microsoft Visual Studio Solution File, Format Version 12.00
# Visual Studio Version 16
VisualStudioVersion = 16.0.30611.23
MinimumVisualStudioVersion = 10.0.40219.1
Project("{FAE04EC0-301F-11D3-BF4B-00C04F79EFBC}") = "EPPlusTest", "EPPlusTest.csproj", "{0E538B37-E980-43D0-931F-A5BA05D7553F}"
EndProject
Global
	GlobalSection(SolutionConfigurationPlatforms) = preSolution
		Debug|Any CPU = Debug|Any CPU
		Release|Any CPU = Release|Any CPU
	EndGlobalSection
	GlobalSection(ProjectConfigurationPlatforms) = postSolution
		{0E538B37-E980-43D0-931F-A5BA05D7553F}.Debug|Any CPU.ActiveCfg = Debug|Any CPU
		{0E538B37-E980-43D0-931F-A5BA05D7553F}.Debug|Any CPU.Build.0 = Debug|Any CPU
		{0E538B37-E980-43D0-931F-A5BA05D7553F}.Release|Any CPU.ActiveCfg = Release|Any CPU
		{0E538B37-E980-43D0-931F-A5BA05D7553F}.Release|Any CPU.Build.0 = Release|Any CPU
	EndGlobalSection
	GlobalSection(SolutionProperties) = preSolution
		HideSolutionNode = FALSE
	EndGlobalSection
	GlobalSection(ExtensibilityGlobals) = postSolution
		SolutionGuid = {178D2383-ADD0-421C-B621-272CF588D76F}
	EndGlobalSection
EndGlobal
